{
  "name": "uxcore-multi-select",
  "version": "0.4.6",
  "lockfileVersion": 1,
  "dependencies": {
    "@types/node": {
      "version": "6.0.89",
      "resolved": "http://registry.npm.alibaba-inc.com/@types/node/download/@types/node-6.0.89.tgz",
      "integrity": "sha1-FUvg5qgjdgzWCDqoxI+VLi5j4LA=",
      "dev": true
    },
    "add-dom-event-listener": {
      "version": "1.0.2",
      "resolved": "http://registry.npm.alibaba-inc.com/add-dom-event-listener/download/add-dom-event-listener-1.0.2.tgz",
      "integrity": "sha1-j67SxBAIchzxEdodMNmVuFvkK+0="
    },
    "asap": {
      "version": "2.0.6",
      "resolved": "http://registry.npm.alibaba-inc.com/asap/download/asap-2.0.6.tgz",
      "integrity": "sha1-5QNHYR1+aQlDIIu9r+vLwvuGbUY="
    },
    "babel-runtime": {
      "version": "6.26.0",
      "resolved": "http://registry.npm.alibaba-inc.com/babel-runtime/download/babel-runtime-6.26.0.tgz",
      "integrity": "sha1-llxwWGaOgrVde/4E/yM3vItWR/4=",
      "dependencies": {
        "core-js": {
          "version": "2.5.1",
          "resolved": "http://registry.npm.alibaba-inc.com/core-js/download/core-js-2.5.1.tgz",
          "integrity": "sha1-rmh03GaTd4m4B1T/VCjfZoGcpQs="
        }
      }
    },
    "boolbase": {
      "version": "1.0.0",
      "resolved": "http://registry.npm.alibaba-inc.com/boolbase/download/boolbase-1.0.0.tgz",
      "integrity": "sha1-aN/1++YMUes3cl6p4+0xDcwed24=",
      "dev": true
    },
    "cheerio": {
      "version": "1.0.0-rc.2",
      "resolved": "http://registry.npm.alibaba-inc.com/cheerio/download/cheerio-1.0.0-rc.2.tgz",
      "integrity": "sha1-S59TqBsn5NXawxwP/Qz6A8xoMNs=",
      "dev": true
    },
    "classnames": {
      "version": "2.2.5",
      "resolved": "http://registry.npm.alibaba-inc.com/classnames/download/classnames-2.2.5.tgz",
      "integrity": "sha1-+zgB1FNGdknvNgPH1hoCvRKb3m0="
    },
    "colors": {
      "version": "0.5.1",
      "resolved": "http://registry.npm.alibaba-inc.com/colors/download/colors-0.5.1.tgz",
      "integrity": "sha1-fQAj6usVTo7p/Oddy5I9DtFmd3Q=",
      "dev": true
    },
    "component-classes": {
      "version": "1.2.6",
      "resolved": "http://registry.npm.alibaba-inc.com/component-classes/download/component-classes-1.2.6.tgz",
      "integrity": "sha1-xkI5TDYYpNiwuJGe/Mu9kw5c1pE="
    },
    "component-indexof": {
      "version": "0.0.3",
      "resolved": "http://registry.npm.alibaba-inc.com/component-indexof/download/component-indexof-0.0.3.tgz",
      "integrity": "sha1-EdCRMSI5648yyPJa6csAL/6NPCQ="
    },
    "console-polyfill": {
      "version": "0.2.3",
      "resolved": "http://registry.npm.alibaba-inc.com/console-polyfill/download/console-polyfill-0.2.3.tgz",
      "integrity": "sha1-1FXT1XTbzcz4DhYx3yGkhv4F+Yk=",
      "dev": true
    },
    "core-js": {
      "version": "1.2.7",
      "resolved": "http://registry.npm.alibaba-inc.com/core-js/download/core-js-1.2.7.tgz",
      "integrity": "sha1-ZSKUwUZR2yj6k70tX/KYOk8IxjY="
    },
    "core-util-is": {
      "version": "1.0.2",
      "resolved": "http://registry.npm.alibaba-inc.com/core-util-is/download/core-util-is-1.0.2.tgz",
      "integrity": "sha1-tf1UIgqivFq1eqtxQMlAdUUDwac=",
      "dev": true
    },
    "create-react-class": {
      "version": "15.6.2",
      "resolved": "http://registry.npm.alibaba-inc.com/create-react-class/download/create-react-class-15.6.2.tgz",
      "integrity": "sha1-zx7RXxKq1/FO9fLf4F5sQvke8Co="
    },
    "css-animation": {
      "version": "1.4.1",
      "resolved": "http://registry.npm.alibaba-inc.com/css-animation/download/css-animation-1.4.1.tgz",
      "integrity": "sha1-W4gTEl3g+7uwu+G0cq6EIhRpt6g="
    },
    "css-select": {
      "version": "1.2.0",
      "resolved": "http://registry.npm.alibaba-inc.com/css-select/download/css-select-1.2.0.tgz",
      "integrity": "sha1-KzoRBTnFNV8c2NMUYj6HCxIeyFg=",
      "dev": true
    },
    "css-what": {
      "version": "2.1.0",
      "resolved": "http://registry.npm.alibaba-inc.com/css-what/download/css-what-2.1.0.tgz",
      "integrity": "sha1-lGfQMsOM+u+58teVASUwYvh/ob0=",
      "dev": true
    },
    "define-properties": {
      "version": "1.1.2",
      "resolved": "http://registry.npm.alibaba-inc.com/define-properties/download/define-properties-1.1.2.tgz",
      "integrity": "sha1-g6c/L+pWmJj7c3GTyPhzyvbUXJQ=",
      "dev": true
    },
    "discontinuous-range": {
      "version": "1.0.0",
      "resolved": "http://registry.npm.alibaba-inc.com/discontinuous-range/download/discontinuous-range-1.0.0.tgz",
      "integrity": "sha1-44Mx8IRLukm5qctxx3FYWqsbxlo=",
      "dev": true
    },
    "dom-align": {
      "version": "1.6.5",
      "resolved": "http://registry.npm.alibaba-inc.com/dom-align/download/dom-align-1.6.5.tgz",
      "integrity": "sha1-SIkO43Vj3UPTtYC3XPt5pqyPoAQ="
    },
    "dom-serializer": {
      "version": "0.1.0",
      "resolved": "http://registry.npm.alibaba-inc.com/dom-serializer/download/dom-serializer-0.1.0.tgz",
      "integrity": "sha1-BzxpdUbOB4DOI75KKOKT5AvDDII=",
      "dev": true,
      "dependencies": {
        "domelementtype": {
          "version": "1.1.3",
          "resolved": "http://registry.npm.alibaba-inc.com/domelementtype/download/domelementtype-1.1.3.tgz",
          "integrity": "sha1-vSh3PiZCiBrsUVRJJCmcXNgiGFs=",
          "dev": true
        }
      }
    },
    "domelementtype": {
      "version": "1.3.0",
      "resolved": "http://registry.npm.alibaba-inc.com/domelementtype/download/domelementtype-1.3.0.tgz",
      "integrity": "sha1-sXrtguirWeUt2cGbF1bg/BhyBMI=",
      "dev": true
    },
    "domhandler": {
      "version": "2.4.1",
      "resolved": "http://registry.npm.alibaba-inc.com/domhandler/download/domhandler-2.4.1.tgz",
      "integrity": "sha1-iS5HAAqZvlW783dP/qBWHYh5wlk=",
      "dev": true
    },
    "domutils": {
      "version": "1.5.1",
      "resolved": "http://registry.npm.alibaba-inc.com/domutils/download/domutils-1.5.1.tgz",
      "integrity": "sha1-3NhIiib1Y9YQeeSMn3t+Mjc2gs8=",
      "dev": true
    },
    "encoding": {
      "version": "0.1.12",
      "resolved": "http://registry.npm.alibaba-inc.com/encoding/download/encoding-0.1.12.tgz",
      "integrity": "sha1-U4tm8+5izRq1HsMjgp0flIDHS+s="
    },
    "entities": {
      "version": "1.1.1",
      "resolved": "http://registry.npm.alibaba-inc.com/entities/download/entities-1.1.1.tgz",
      "integrity": "sha1-blwtClYhtdra7O+AuQ7ftc13cvA=",
      "dev": true
    },
    "enzyme": {
      "version": "3.1.0",
      "resolved": "http://registry.npm.alibaba-inc.com/enzyme/download/enzyme-3.1.0.tgz",
      "integrity": "sha1-2MqECFeQ+87G7UC63RRHj67kwlo=",
      "dev": true
    },
    "enzyme-adapter-react-15": {
      "version": "1.0.1",
      "resolved": "http://registry.npm.alibaba-inc.com/enzyme-adapter-react-15/download/enzyme-adapter-react-15-1.0.1.tgz",
      "integrity": "sha1-waPllmvxxyIcQKoPh3hQF1A1QG8=",
      "dev": true
    },
    "enzyme-adapter-utils": {
      "version": "1.0.1",
      "resolved": "http://registry.npm.alibaba-inc.com/enzyme-adapter-utils/download/enzyme-adapter-utils-1.0.1.tgz",
      "integrity": "sha1-/NgSIzOaVaMS91UmQeBFxAQIQAk=",
      "dev": true
    },
    "es-abstract": {
      "version": "1.9.0",
      "resolved": "http://registry.npm.alibaba-inc.com/es-abstract/download/es-abstract-1.9.0.tgz",
      "integrity": "sha1-aQgpoHyuNrIi5/2bdcDQVz6yUic=",
      "dev": true
    },
    "es-to-primitive": {
      "version": "1.1.1",
      "resolved": "http://registry.npm.alibaba-inc.com/es-to-primitive/download/es-to-primitive-1.1.1.tgz",
      "integrity": "sha1-RTVSSKiJeQNLZ5Lhm7gfK3l13Q0=",
      "dev": true
    },
    "es5-shim": {
      "version": "4.5.9",
      "resolved": "http://registry.npm.alibaba-inc.com/es5-shim/download/es5-shim-4.5.9.tgz",
      "integrity": "sha1-Kh4rnlg/9f7Qwgo+4svz91IwpcA=",
      "dev": true
    },
    "expect.js": {
      "version": "0.3.1",
      "resolved": "http://registry.npm.alibaba-inc.com/expect.js/download/expect.js-0.3.1.tgz",
      "integrity": "sha1-sKWaDS7/VDdUTr8M6qYBWEHQm1s=",
      "dev": true
    },
    "fbjs": {
      "version": "0.8.16",
      "resolved": "http://registry.npm.alibaba-inc.com/fbjs/download/fbjs-0.8.16.tgz",
      "integrity": "sha1-XmdDL1UNxBtXK/VYR7ispk5TN9s="
    },
    "foreach": {
      "version": "2.0.5",
      "resolved": "http://registry.npm.alibaba-inc.com/foreach/download/foreach-2.0.5.tgz",
      "integrity": "sha1-C+4AUBiusmDQo6865ljdATbsG5k=",
      "dev": true
    },
    "function-bind": {
      "version": "1.1.1",
      "resolved": "http://registry.npm.alibaba-inc.com/function-bind/download/function-bind-1.1.1.tgz",
      "integrity": "sha1-pWiZ0+o8m6uHS7l3O3xe3pL0iV0=",
      "dev": true
    },
    "function.prototype.name": {
      "version": "1.0.3",
      "resolved": "http://registry.npm.alibaba-inc.com/function.prototype.name/download/function.prototype.name-1.0.3.tgz",
      "integrity": "sha1-AJmuVXLp3W8DyX0CP9krzF5jnqw=",
      "dev": true
    },
    "has": {
      "version": "1.0.1",
      "resolved": "http://registry.npm.alibaba-inc.com/has/download/has-1.0.1.tgz",
      "integrity": "sha1-hGFzP1OLCDfJNh45qauelwTcLyg=",
      "dev": true
    },
    "htmlparser2": {
      "version": "3.9.2",
      "resolved": "http://registry.npm.alibaba-inc.com/htmlparser2/download/htmlparser2-3.9.2.tgz",
      "integrity": "sha1-G9+HrMoPP55T+k/M6w9LTLsAszg=",
      "dev": true
    },
    "iconv-lite": {
      "version": "0.4.19",
      "resolved": "http://registry.npm.alibaba-inc.com/iconv-lite/download/iconv-lite-0.4.19.tgz",
      "integrity": "sha1-90aPYBNfXl2tM5nAqBvpoWA6CCs="
    },
    "inherits": {
      "version": "2.0.3",
      "resolved": "http://registry.npm.alibaba-inc.com/inherits/download/inherits-2.0.3.tgz",
      "integrity": "sha1-Yzwsg+PaQqUC9SRmAiSA9CCCYd4=",
      "dev": true
    },
    "is-callable": {
      "version": "1.1.3",
      "resolved": "http://registry.npm.alibaba-inc.com/is-callable/download/is-callable-1.1.3.tgz",
      "integrity": "sha1-hut1OSgF3cM69xySoO7fdO52BLI=",
      "dev": true
    },
    "is-date-object": {
      "version": "1.0.1",
      "resolved": "http://registry.npm.alibaba-inc.com/is-date-object/download/is-date-object-1.0.1.tgz",
      "integrity": "sha1-mqIOtq7rv/d/vTPnTKAbM1gdOhY=",
      "dev": true
    },
    "is-regex": {
      "version": "1.0.4",
      "resolved": "http://registry.npm.alibaba-inc.com/is-regex/download/is-regex-1.0.4.tgz",
      "integrity": "sha1-VRdIm1RwkbCTDglWVM7SXul+lJE=",
      "dev": true
    },
    "is-stream": {
      "version": "1.1.0",
      "resolved": "http://registry.npm.alibaba-inc.com/is-stream/download/is-stream-1.1.0.tgz",
      "integrity": "sha1-EtSj3U5o4Lec6428hBc66A2RykQ="
    },
    "is-subset": {
      "version": "0.1.1",
      "resolved": "http://registry.npm.alibaba-inc.com/is-subset/download/is-subset-0.1.1.tgz",
      "integrity": "sha1-ilkRfZMt4d4A8kX83TnOQ/HpOaY=",
      "dev": true
    },
    "is-symbol": {
      "version": "1.0.1",
      "resolved": "http://registry.npm.alibaba-inc.com/is-symbol/download/is-symbol-1.0.1.tgz",
      "integrity": "sha1-PMWfAAJRlLarLjjbrmaJJWtmBXI=",
      "dev": true
    },
    "isarray": {
      "version": "1.0.0",
      "resolved": "http://registry.npm.alibaba-inc.com/isarray/download/isarray-1.0.0.tgz",
      "integrity": "sha1-u5NdSFgsuhaMBoNJV6VKPgcSTxE=",
      "dev": true
    },
    "isomorphic-fetch": {
      "version": "2.2.1",
      "resolved": "http://registry.npm.alibaba-inc.com/isomorphic-fetch/download/isomorphic-fetch-2.2.1.tgz",
      "integrity": "sha1-YRrhrPFPXoH3KVB0coGf6XM1WKk="
    },
    "js-tokens": {
      "version": "3.0.2",
      "resolved": "http://registry.npm.alibaba-inc.com/js-tokens/download/js-tokens-3.0.2.tgz",
      "integrity": "sha1-mGbfOVECEw449/mWvOtlRDIJwls="
    },
    "kuma-base": {
      "version": "1.7.2",
      "resolved": "http://registry.npm.alibaba-inc.com/kuma-base/download/kuma-base-1.7.2.tgz",
      "integrity": "sha1-d6Ewd4uuEu179JGRwQ+7SfMK8+4=",
      "dev": true
    },
    "lodash": {
      "version": "4.17.4",
      "resolved": "http://registry.npm.alibaba-inc.com/lodash/download/lodash-4.17.4.tgz",
      "integrity": "sha1-eCA6TRwyiuHYbcpkYONptX9AVa4=",
      "dev": true
    },
    "lodash._getnative": {
      "version": "3.9.1",
      "resolved": "http://registry.npm.alibaba-inc.com/lodash._getnative/download/lodash._getnative-3.9.1.tgz",
      "integrity": "sha1-VwvH3t5G1hzc3mh9ZdPuy6o6r/U="
    },
    "lodash.flattendeep": {
      "version": "4.4.0",
      "resolved": "http://registry.npm.alibaba-inc.com/lodash.flattendeep/download/lodash.flattendeep-4.4.0.tgz",
      "integrity": "sha1-+wMJF/hqMTTlvJvsDWngAT3f7bI=",
      "dev": true
    },
    "lodash.isarguments": {
      "version": "3.1.0",
      "resolved": "http://registry.npm.alibaba-inc.com/lodash.isarguments/download/lodash.isarguments-3.1.0.tgz",
      "integrity": "sha1-L1c9hcaiQon/AGY7SRwdM4/zRYo="
    },
    "lodash.isarray": {
      "version": "3.0.4",
      "resolved": "http://registry.npm.alibaba-inc.com/lodash.isarray/download/lodash.isarray-3.0.4.tgz",
      "integrity": "sha1-eeTriMNqgSKvhvhEqpvNhRtfu1U="
    },
    "lodash.keys": {
      "version": "3.1.2",
      "resolved": "http://registry.npm.alibaba-inc.com/lodash.keys/download/lodash.keys-3.1.2.tgz",
      "integrity": "sha1-TbwEcrFWvlCgsoaFXRvQsMZWCYo="
    },
    "loose-envify": {
      "version": "1.3.1",
      "resolved": "http://registry.npm.alibaba-inc.com/loose-envify/download/loose-envify-1.3.1.tgz",
      "integrity": "sha1-0aitM/qc4OcT1l/dCsi3SNR4yEg="
    },
    "nearley": {
      "version": "2.11.0",
      "resolved": "http://registry.npm.alibaba-inc.com/nearley/download/nearley-2.11.0.tgz",
      "integrity": "sha1-XmJseabNL2q55+XVgF52aJZ3V64=",
      "dev": true
    },
    "node-fetch": {
      "version": "1.7.3",
      "resolved": "http://registry.npm.alibaba-inc.com/node-fetch/download/node-fetch-1.7.3.tgz",
      "integrity": "sha1-mA9vcthSEaU0fGsrwYxbhMPrR+8="
    },
    "nomnom": {
      "version": "1.6.2",
      "resolved": "http://registry.npm.alibaba-inc.com/nomnom/download/nomnom-1.6.2.tgz",
      "integrity": "sha1-hKZqJgF0QI/Ft3oY+IjszET7aXE=",
      "dev": true
    },
    "nth-check": {
      "version": "1.0.1",
      "resolved": "http://registry.npm.alibaba-inc.com/nth-check/download/nth-check-1.0.1.tgz",
      "integrity": "sha1-mSms32KPwsQQmN6rgqxYDPFJquQ=",
      "dev": true
    },
    "object-assign": {
      "version": "4.1.1",
      "resolved": "http://registry.npm.alibaba-inc.com/object-assign/download/object-assign-4.1.1.tgz",
      "integrity": "sha1-IQmtx5ZYh8/AXLvUQsrIv7s2CGM="
    },
    "object-is": {
      "version": "1.0.1",
      "resolved": "http://registry.npm.alibaba-inc.com/object-is/download/object-is-1.0.1.tgz",
      "integrity": "sha1-CqYOyZiaCz7Xlc9NBvYs8a1lObY=",
      "dev": true
    },
    "object-keys": {
      "version": "1.0.11",
      "resolved": "http://registry.npm.alibaba-inc.com/object-keys/download/object-keys-1.0.11.tgz",
      "integrity": "sha1-xUYBd4rVYPEULODgG8yotW0TQm0=",
      "dev": true
    },
    "object.assign": {
      "version": "4.0.4",
      "resolved": "http://registry.npm.alibaba-inc.com/object.assign/download/object.assign-4.0.4.tgz",
      "integrity": "sha1-scnMBE7xuf5jYG/BQau7MuFHMMw=",
      "dev": true
    },
    "object.entries": {
      "version": "1.0.4",
      "resolved": "http://registry.npm.alibaba-inc.com/object.entries/download/object.entries-1.0.4.tgz",
      "integrity": "sha1-G/mk3SKI9bM/Opk9JXZh8F0WGl8=",
      "dev": true
    },
    "object.values": {
      "version": "1.0.4",
      "resolved": "http://registry.npm.alibaba-inc.com/object.values/download/object.values-1.0.4.tgz",
      "integrity": "sha1-5STaCbT2b/Bd9FdUbscqyZ8TBpo=",
      "dev": true
    },
    "parse5": {
      "version": "3.0.2",
      "resolved": "http://registry.npm.alibaba-inc.com/parse5/download/parse5-3.0.2.tgz",
      "integrity": "sha1-Be/1fw70V3+xRKefi5qWemzERRA=",
      "dev": true
    },
    "performance-now": {
      "version": "2.1.0",
      "resolved": "http://registry.npm.alibaba-inc.com/performance-now/download/performance-now-2.1.0.tgz",
      "integrity": "sha1-Ywn04OX6kT7BxpMHrjZLSzd8nns=",
      "dev": true
    },
    "process-nextick-args": {
      "version": "1.0.7",
      "resolved": "http://registry.npm.alibaba-inc.com/process-nextick-args/download/process-nextick-args-1.0.7.tgz",
      "integrity": "sha1-FQ4gt1ZZCtP5EJPyWk8q2L/zC6M=",
      "dev": true
    },
    "promise": {
      "version": "7.3.1",
      "resolved": "http://registry.npm.alibaba-inc.com/promise/download/promise-7.3.1.tgz",
      "integrity": "sha1-BktyYCsY+Q8pGSuLG8QY/9Hr078="
    },
    "prop-types": {
      "version": "15.6.0",
      "resolved": "http://registry.npm.alibaba-inc.com/prop-types/download/prop-types-15.6.0.tgz",
      "integrity": "sha1-zq8IMCL8RrSjX2nhPvda7Q1jmFY="
    },
    "raf": {
      "version": "3.4.0",
      "resolved": "http://registry.npm.alibaba-inc.com/raf/download/raf-3.4.0.tgz",
      "integrity": "sha1-ooh2iBtLwsqRF9QTgWPduA94FXU=",
      "dev": true
    },
    "railroad-diagrams": {
      "version": "1.0.0",
      "resolved": "http://registry.npm.alibaba-inc.com/railroad-diagrams/download/railroad-diagrams-1.0.0.tgz",
      "integrity": "sha1-635iZ1SN3t+4mcG5Dlc3RVnN234=",
      "dev": true
    },
    "randexp": {
      "version": "0.4.6",
      "resolved": "http://registry.npm.alibaba-inc.com/randexp/download/randexp-0.4.6.tgz",
      "integrity": "sha1-6YatXl4x2uE93W97MBmqfIf2DKM=",
      "dev": true
    },
    "rc-align": {
      "version": "2.3.4",
      "resolved": "http://registry.npm.alibaba-inc.com/rc-align/download/rc-align-2.3.4.tgz",
      "integrity": "sha1-2Dvat1YPAULnKj3h1JXatroiUkk="
    },
    "rc-animate": {
      "version": "2.4.1",
      "resolved": "http://registry.npm.alibaba-inc.com/rc-animate/download/rc-animate-2.4.1.tgz",
      "integrity": "sha1-3z4PVv4Qav5L9S/0CM7SQcUXiRk="
    },
    "rc-dropdown": {
      "version": "1.4.12",
      "resolved": "http://registry.npm.alibaba-inc.com/rc-dropdown/download/rc-dropdown-1.4.12.tgz",
      "integrity": "sha1-At6p9z+leTAFhrhpEwqiv5Ve5zM="
    },
    "rc-trigger": {
      "version": "1.11.4",
      "resolved": "http://registry.npm.alibaba-inc.com/rc-trigger/download/rc-trigger-1.11.4.tgz",
      "integrity": "sha1-oxAy8NfOeahT8ZMpb/watPndfjo="
    },
    "rc-util": {
      "version": "4.1.0",
      "resolved": "http://registry.npm.alibaba-inc.com/rc-util/download/rc-util-4.1.0.tgz",
      "integrity": "sha1-PwASQJvdkcrxa6yUKPQcoS49nJs="
    },
    "react": {
      "version": "15.6.2",
      "resolved": "http://registry.npm.alibaba-inc.com/react/download/react-15.6.2.tgz",
      "integrity": "sha1-26BDSrQ5z+gvEI8PURZjkIF5qnI=",
      "dev": true
    },
    "react-dom": {
      "version": "15.6.2",
      "resolved": "http://registry.npm.alibaba-inc.com/react-dom/download/react-dom-15.6.2.tgz",
      "integrity": "sha1-Qc+t9pO3V/rycIRDodH9WgK+9zA=",
      "dev": true
    },
    "react-test-renderer": {
      "version": "15.6.2",
      "resolved": "http://registry.npm.alibaba-inc.com/react-test-renderer/download/react-test-renderer-15.6.2.tgz",
      "integrity": "sha1-0DM0NPwsQ4CSaWyncNpe1IA376g=",
      "dev": true
    },
    "readable-stream": {
      "version": "2.3.3",
      "resolved": "http://registry.npm.alibaba-inc.com/readable-stream/download/readable-stream-2.3.3.tgz",
      "integrity": "sha1-No8lEtefnUb9/HE0mueHi7weuVw=",
      "dev": true
    },
    "regenerator-runtime": {
      "version": "0.11.0",
      "resolved": "http://registry.npm.alibaba-inc.com/regenerator-runtime/download/regenerator-runtime-0.11.0.tgz",
      "integrity": "sha1-flT+W1zNXWYk6mJVw0c74JC4AuE="
    },
    "ret": {
      "version": "0.1.15",
      "resolved": "http://registry.npm.alibaba-inc.com/ret/download/ret-0.1.15.tgz",
      "integrity": "sha1-uKSCXVvbH8P29Twrwz+BOIaBx7w=",
      "dev": true
    },
    "rst-selector-parser": {
      "version": "2.2.2",
      "resolved": "http://registry.npm.alibaba-inc.com/rst-selector-parser/download/rst-selector-parser-2.2.2.tgz",
      "integrity": "sha1-mSe2Gb1a+Nwjp2xkyu8E7fkNLGU=",
      "dev": true
    },
    "safe-buffer": {
      "version": "5.1.1",
      "resolved": "http://registry.npm.alibaba-inc.com/safe-buffer/download/safe-buffer-5.1.1.tgz",
      "integrity": "sha1-iTMSr2myEj3vcfV4iQAWce6yyFM=",
      "dev": true
    },
    "setimmediate": {
      "version": "1.0.5",
      "resolved": "http://registry.npm.alibaba-inc.com/setimmediate/download/setimmediate-1.0.5.tgz",
      "integrity": "sha1-KQy7Iy4waULX1+qbg3Mqt4VvgoU="
    },
    "shallowequal": {
      "version": "0.2.2",
      "resolved": "http://registry.npm.alibaba-inc.com/shallowequal/download/shallowequal-0.2.2.tgz",
      "integrity": "sha1-HjL9W8q2rWiKSBLLDMBO/HXHAU4="
    },
    "string_decoder": {
      "version": "1.0.3",
      "resolved": "http://registry.npm.alibaba-inc.com/string_decoder/download/string_decoder-1.0.3.tgz",
      "integrity": "sha1-D8Z9fBQYJd6UKC3VNr7GubzoYKs=",
      "dev": true
    },
    "ua-parser-js": {
      "version": "0.7.14",
      "resolved": "http://registry.npm.alibaba-inc.com/ua-parser-js/download/ua-parser-js-0.7.14.tgz",
      "integrity": "sha1-EQ1T+kw/MmwSEpK76skE0uAzh8o="
    },
    "underscore": {
      "version": "1.4.4",
      "resolved": "http://registry.npm.alibaba-inc.com/underscore/download/underscore-1.4.4.tgz",
      "integrity": "sha1-YaajIBBiKvoHljvzJSA88SI51gQ=",
      "dev": true
    },
    "util-deprecate": {
      "version": "1.0.2",
      "resolved": "http://registry.npm.alibaba-inc.com/util-deprecate/download/util-deprecate-1.0.2.tgz",
      "integrity": "sha1-RQ1Nyfpw3nMnYvvS1KKJgUGaDM8=",
      "dev": true
    },
    "uxcore-button": {
      "version": "0.3.12",
      "resolved": "http://registry.npm.alibaba-inc.com/uxcore-button/download/uxcore-button-0.3.12.tgz",
      "integrity": "sha1-hYy190mv1vpXMYPw8UqFBbV+MAs="
    },
    "uxcore-checkbox-group": {
      "version": "1.1.4",
      "resolved": "http://registry.npm.alibaba-inc.com/uxcore-checkbox-group/download/uxcore-checkbox-group-1.1.4.tgz",
      "integrity": "sha1-5r6N2XyeSAkLwqL6FotEU9ekdEA="
    },
    "uxcore-dropdown": {
      "version": "0.4.1",
      "resolved": "http://registry.npm.alibaba-inc.com/uxcore-dropdown/download/uxcore-dropdown-0.4.1.tgz",
      "integrity": "sha1-EyKtsSfKio3UpxVG8qiJtTg4+zc="
    },
    "uxcore-kuma": {
      "version": "8.1.1",
      "resolved": "http://registry.npm.alibaba-inc.com/uxcore-kuma/download/uxcore-kuma-8.1.1.tgz",
      "integrity": "sha1-Qar7WjMDp8OFWCPXk9ov7kE7mFE=",
      "dev": true
    },
    "whatwg-fetch": {
      "version": "2.0.3",
      "resolved": "http://registry.npm.alibaba-inc.com/whatwg-fetch/download/whatwg-fetch-2.0.3.tgz",
      "integrity": "sha1-nITsLc9oGH/wC8ZOEnS0QhduHIQ="
    }
  }
}
